
Microsoft Visual Studio Solution File, Format Version 12.00
# Visual Studio Version 16
VisualStudioVersion = 16.0.29020.237
MinimumVisualStudioVersion = 10.0.40219.1
Project("{9A19103F-16F7-4668-BE54-9A1E7A4F7556}") = "Iterate", "Iterate\Iterate.csproj", "{06D40663-934D-4198-9428-62925B7B3875}"
EndProject
Project("{9A19103F-16F7-4668-BE54-9A1E7A4F7556}") = "ToList", "ToList\ToList.csproj", "{77820FBA-CD7F-4DC5-8943-6F4B93FB4C86}"
EndProject
Project("{9A19103F-16F7-4668-BE54-9A1E7A4F7556}") = "DictionaryLookup", "DictionaryLookup\DictionaryLookup.csproj", "{FEC6FA7E-0A88-4B07-9158-CF6910CA057B}"
EndProject
Project("{FAE04EC0-301F-11D3-BF4B-00C04F79EFBC}") = "HashAlgorithms", "HashAlgorithms\HashAlgorithms.csproj", "{D2AC8C68-29DB-40A8-BA05-A2C99CC3CDE1}"
EndProject
Global
	GlobalSection(SolutionConfigurationPlatforms) = preSolution
		Debug|Any CPU = Debug|Any CPU
		Release|Any CPU = Release|Any CPU
	EndGlobalSection
	GlobalSection(ProjectConfigurationPlatforms) = postSolution
		{06D40663-934D-4198-9428-62925B7B3875}.Debug|Any CPU.ActiveCfg = Debug|Any CPU
		{06D40663-934D-4198-9428-62925B7B3875}.Debug|Any CPU.Build.0 = Debug|Any CPU
		{06D40663-934D-4198-9428-62925B7B3875}.Release|Any CPU.ActiveCfg = Release|Any CPU
		{06D40663-934D-4198-9428-62925B7B3875}.Release|Any CPU.Build.0 = Release|Any CPU
		{77820FBA-CD7F-4DC5-8943-6F4B93FB4C86}.Debug|Any CPU.ActiveCfg = Debug|Any CPU
		{77820FBA-CD7F-4DC5-8943-6F4B93FB4C86}.Debug|Any CPU.Build.0 = Debug|Any CPU
		{77820FBA-CD7F-4DC5-8943-6F4B93FB4C86}.Release|Any CPU.ActiveCfg = Release|Any CPU
		{77820FBA-CD7F-4DC5-8943-6F4B93FB4C86}.Release|Any CPU.Build.0 = Release|Any CPU
		{FEC6FA7E-0A88-4B07-9158-CF6910CA057B}.Debug|Any CPU.ActiveCfg = Debug|Any CPU
		{FEC6FA7E-0A88-4B07-9158-CF6910CA057B}.Debug|Any CPU.Build.0 = Debug|Any CPU
		{FEC6FA7E-0A88-4B07-9158-CF6910CA057B}.Release|Any CPU.ActiveCfg = Release|Any CPU
		{FEC6FA7E-0A88-4B07-9158-CF6910CA057B}.Release|Any CPU.Build.0 = Release|Any CPU
		{D2AC8C68-29DB-40A8-BA05-A2C99CC3CDE1}.Debug|Any CPU.ActiveCfg = Debug|Any CPU
		{D2AC8C68-29DB-40A8-BA05-A2C99CC3CDE1}.Debug|Any CPU.Build.0 = Debug|Any CPU
		{D2AC8C68-29DB-40A8-BA05-A2C99CC3CDE1}.Release|Any CPU.ActiveCfg = Release|Any CPU
		{D2AC8C68-29DB-40A8-BA05-A2C99CC3CDE1}.Release|Any CPU.Build.0 = Release|Any CPU
	EndGlobalSection
	GlobalSection(SolutionProperties) = preSolution
		HideSolutionNode = FALSE
	EndGlobalSection
	GlobalSection(ExtensibilityGlobals) = postSolution
		SolutionGuid = {72126DEE-93E6-4B23-8E14-D67439E260A8}
	EndGlobalSection
EndGlobal
