
Microsoft Visual Studio Solution File, Format Version 12.00
# Visual Studio Version 16
VisualStudioVersion = 16.0.29519.181
MinimumVisualStudioVersion = 10.0.40219.1
Project("{FAE04EC0-301F-11D3-BF4B-00C04F79EFBC}") = "PreJit", "PreJit\PreJit.csproj", "{10A096A2-29DA-4F5E-8D4E-9FD4410512BD}"
EndProject
Global
	GlobalSection(SolutionConfigurationPlatforms) = preSolution
		Debug|Any CPU = Debug|Any CPU
		Release|Any CPU = Release|Any CPU
	EndGlobalSection
	GlobalSection(ProjectConfigurationPlatforms) = postSolution
		{10A096A2-29DA-4F5E-8D4E-9FD4410512BD}.Debug|Any CPU.ActiveCfg = Debug|Any CPU
		{10A096A2-29DA-4F5E-8D4E-9FD4410512BD}.Debug|Any CPU.Build.0 = Debug|Any CPU
		{10A096A2-29DA-4F5E-8D4E-9FD4410512BD}.Release|Any CPU.ActiveCfg = Release|Any CPU
		{10A096A2-29DA-4F5E-8D4E-9FD4410512BD}.Release|Any CPU.Build.0 = Release|Any CPU
	EndGlobalSection
	GlobalSection(SolutionProperties) = preSolution
		HideSolutionNode = FALSE
	EndGlobalSection
	GlobalSection(ExtensibilityGlobals) = postSolution
		SolutionGuid = {D1E9C731-7651-4284-83E1-C1BE2E77C2C9}
	EndGlobalSection
EndGlobal
